# THIS IS AN AUTOGENERATED FILE. DO NOT EDIT THIS FILE DIRECTLY.
# yarn lockfile v1


"@types/bson@*":
  "integrity" "sha1-ng4dGm+IZkg/loaKmzO8gEkmsfw="
  "resolved" "https://registry.nlark.com/@types/bson/download/@types/bson-4.0.5.tgz"
  "version" "4.0.5"
  dependencies:
    "@types/node" "*"

"@types/mongodb@^3.5.27":
  "integrity" "sha1-t8XFgGRPY2QAK2Sa8cBsPARU4dI="
  "resolved" "https://registry.nlark.com/@types/mongodb/download/@types/mongodb-3.6.20.tgz"
  "version" "3.6.20"
  dependencies:
    "@types/bson" "*"
    "@types/node" "*"

"@types/node@*":
  "integrity" "sha1-xrkZgXjaUE38of0L6bLhAC8VhvA="
  "resolved" "https://registry.nlark.com/@types/node/download/@types/node-16.7.1.tgz"
  "version" "16.7.1"

"accepts@~1.3.7":
  "integrity" "sha1-UxvHJlF6OytB+FACHGzBXqq1B80="
  "resolved" "https://registry.npm.taobao.org/accepts/download/accepts-1.3.7.tgz"
  "version" "1.3.7"
  dependencies:
    "mime-types" "~2.1.24"
    "negotiator" "0.6.2"

"array-flatten@1.1.1":
  "integrity" "sha1-ml9pkFGx5wczKPKgCJaLZOopVdI="
  "resolved" "https://registry.nlark.com/array-flatten/download/array-flatten-1.1.1.tgz"
  "version" "1.1.1"

"basic-auth@~2.0.1":
  "integrity" "sha1-uZgnm/R844NEtPPPkW1Gebv1Hjo="
  "resolved" "https://registry.npm.taobao.org/basic-auth/download/basic-auth-2.0.1.tgz"
  "version" "2.0.1"
  dependencies:
    "safe-buffer" "5.1.2"

"bl@^2.2.1":
  "integrity" "sha1-jBGntzBlXF1WiYzchxIk9A/ZAdU="
  "resolved" "https://registry.npm.taobao.org/bl/download/bl-2.2.1.tgz?cache=0&sync_timestamp=1617381897308&other_urls=https%3A%2F%2Fregistry.npm.taobao.org%2Fbl%2Fdownload%2Fbl-2.2.1.tgz"
  "version" "2.2.1"
  dependencies:
    "readable-stream" "^2.3.5"
    "safe-buffer" "^5.1.1"

"bluebird@3.5.1":
  "integrity" "sha1-2VUfnemPH82h5oPRfukaBgLuLrk="
  "resolved" "https://registry.nlark.com/bluebird/download/bluebird-3.5.1.tgz?cache=0&sync_timestamp=1618847007562&other_urls=https%3A%2F%2Fregistry.nlark.com%2Fbluebird%2Fdownload%2Fbluebird-3.5.1.tgz"
  "version" "3.5.1"

"body-parser@1.19.0":
  "integrity" "sha1-lrJwnlfJxOCab9Zqj9l5hE9p8Io="
  "resolved" "https://registry.npm.taobao.org/body-parser/download/body-parser-1.19.0.tgz"
  "version" "1.19.0"
  dependencies:
    "bytes" "3.1.0"
    "content-type" "~1.0.4"
    "debug" "2.6.9"
    "depd" "~1.1.2"
    "http-errors" "1.7.2"
    "iconv-lite" "0.4.24"
    "on-finished" "~2.3.0"
    "qs" "6.7.0"
    "raw-body" "2.4.0"
    "type-is" "~1.6.17"

"bson@^1.1.4":
  "integrity" "sha1-+4Gb6aYM1nfghTruTKcSp4XWYYo="
  "resolved" "https://registry.nlark.com/bson/download/bson-1.1.6.tgz"
  "version" "1.1.6"

"bytes@3.1.0":
  "integrity" "sha1-9s95M6Ng4FiPqf3oVlHNx/gF0fY="
  "resolved" "https://registry.npm.taobao.org/bytes/download/bytes-3.1.0.tgz"
  "version" "3.1.0"

"content-disposition@0.5.3":
  "integrity" "sha1-4TDK9+cnkIfFYWwgB9BIVpiYT70="
  "resolved" "https://registry.npm.taobao.org/content-disposition/download/content-disposition-0.5.3.tgz"
  "version" "0.5.3"
  dependencies:
    "safe-buffer" "5.1.2"

"content-type@~1.0.4":
  "integrity" "sha1-4TjMdeBAxyexlm/l5fjJruJW/js="
  "resolved" "https://registry.npm.taobao.org/content-type/download/content-type-1.0.4.tgz"
  "version" "1.0.4"

"cookie-signature@1.0.6":
  "integrity" "sha1-4wOogrNCzD7oylE6eZmXNNqzriw="
  "resolved" "https://registry.npm.taobao.org/cookie-signature/download/cookie-signature-1.0.6.tgz"
  "version" "1.0.6"

"cookie@0.4.0":
  "integrity" "sha1-vrQ35wIrO21JAZ0IhmUwPr6cFLo="
  "resolved" "https://registry.npm.taobao.org/cookie/download/cookie-0.4.0.tgz?cache=0&sync_timestamp=1599054117231&other_urls=https%3A%2F%2Fregistry.npm.taobao.org%2Fcookie%2Fdownload%2Fcookie-0.4.0.tgz"
  "version" "0.4.0"

"core-util-is@~1.0.0":
  "integrity" "sha1-tf1UIgqivFq1eqtxQMlAdUUDwac="
  "resolved" "https://registry.nlark.com/core-util-is/download/core-util-is-1.0.2.tgz"
  "version" "1.0.2"

"cors@^2.8.5":
  "integrity" "sha1-6sEdpRWS3Ya58G9uesKTs9+HXSk= sha512-KIHbLJqu73RGr/hnbrO9uBeixNGuvSQjul/jdFvS/KFSIH1hWVd1ng7zOHx+YrEfInLG7q4n6GHQ9cDtxv/P6g=="
  "resolved" "https://registry.npm.taobao.org/cors/download/cors-2.8.5.tgz"
  "version" "2.8.5"
  dependencies:
    "object-assign" "^4"
    "vary" "^1"

"debug@2.6.9":
  "integrity" "sha1-XRKFFd8TT/Mn6QpMk/Tgd6U2NB8="
  "resolved" "https://registry.nlark.com/debug/download/debug-2.6.9.tgz"
  "version" "2.6.9"
  dependencies:
    "ms" "2.0.0"

"debug@3.1.0":
  "integrity" "sha1-W7WgZyYotkFJVmuhaBnmFRjGcmE="
  "resolved" "https://registry.nlark.com/debug/download/debug-3.1.0.tgz"
  "version" "3.1.0"
  dependencies:
    "ms" "2.0.0"

"denque@^1.4.1":
  "integrity" "sha1-B/Zw4pyaePj67LJWah4sEZKcXL8="
  "resolved" "https://registry.nlark.com/denque/download/denque-1.5.1.tgz?cache=0&sync_timestamp=1629309936185&other_urls=https%3A%2F%2Fregistry.nlark.com%2Fdenque%2Fdownload%2Fdenque-1.5.1.tgz"
  "version" "1.5.1"

"depd@~1.1.2":
  "integrity" "sha1-m81S4UwJd2PnSbJ0xDRu0uVgtak="
  "resolved" "https://registry.npm.taobao.org/depd/download/depd-1.1.2.tgz"
  "version" "1.1.2"

"depd@~2.0.0":
  "integrity" "sha1-tpYWPMdXVg0JzyLMj60Vcbeedt8="
  "resolved" "https://registry.npm.taobao.org/depd/download/depd-2.0.0.tgz"
  "version" "2.0.0"

"destroy@~1.0.4":
  "integrity" "sha1-l4hXRCxEdJ5CBmE+N5RiBYJqvYA="
  "resolved" "https://registry.npm.taobao.org/destroy/download/destroy-1.0.4.tgz"
  "version" "1.0.4"

"ee-first@1.1.1":
  "integrity" "sha1-WQxhFWsK4vTwJVcyoViyZrxWsh0="
  "resolved" "https://registry.npm.taobao.org/ee-first/download/ee-first-1.1.1.tgz"
  "version" "1.1.1"

"encodeurl@~1.0.2":
  "integrity" "sha1-rT/0yG7C0CkyL1oCw6mmBslbP1k="
  "resolved" "https://registry.nlark.com/encodeurl/download/encodeurl-1.0.2.tgz"
  "version" "1.0.2"

"escape-html@~1.0.3":
  "integrity" "sha1-Aljq5NPQwJdN4cFpGI7wBR0dGYg="
  "resolved" "https://registry.npm.taobao.org/escape-html/download/escape-html-1.0.3.tgz"
  "version" "1.0.3"

"etag@~1.8.1":
  "integrity" "sha1-Qa4u62XvpiJorr/qg6x9eSmbCIc="
  "resolved" "https://registry.npm.taobao.org/etag/download/etag-1.8.1.tgz"
  "version" "1.8.1"

"express@^4.17.1":
  "integrity" "sha1-RJH8OGBc9R+GKdOcK10Cb5ikwTQ="
  "resolved" "https://registry.nlark.com/express/download/express-4.17.1.tgz?cache=0&sync_timestamp=1618846969956&other_urls=https%3A%2F%2Fregistry.nlark.com%2Fexpress%2Fdownload%2Fexpress-4.17.1.tgz"
  "version" "4.17.1"
  dependencies:
    "accepts" "~1.3.7"
    "array-flatten" "1.1.1"
    "body-parser" "1.19.0"
    "content-disposition" "0.5.3"
    "content-type" "~1.0.4"
    "cookie" "0.4.0"
    "cookie-signature" "1.0.6"
    "debug" "2.6.9"
    "depd" "~1.1.2"
    "encodeurl" "~1.0.2"
    "escape-html" "~1.0.3"
    "etag" "~1.8.1"
    "finalhandler" "~1.1.2"
    "fresh" "0.5.2"
    "merge-descriptors" "1.0.1"
    "methods" "~1.1.2"
    "on-finished" "~2.3.0"
    "parseurl" "~1.3.3"
    "path-to-regexp" "0.1.7"
    "proxy-addr" "~2.0.5"
    "qs" "6.7.0"
    "range-parser" "~1.2.1"
    "safe-buffer" "5.1.2"
    "send" "0.17.1"
    "serve-static" "1.14.1"
    "setprototypeof" "1.1.1"
    "statuses" "~1.5.0"
    "type-is" "~1.6.18"
    "utils-merge" "1.0.1"
    "vary" "~1.1.2"

"finalhandler@~1.1.2":
  "integrity" "sha1-t+fQAP/RGTjQ/bBTUG9uur6fWH0="
  "resolved" "https://registry.npm.taobao.org/finalhandler/download/finalhandler-1.1.2.tgz"
  "version" "1.1.2"
  dependencies:
    "debug" "2.6.9"
    "encodeurl" "~1.0.2"
    "escape-html" "~1.0.3"
    "on-finished" "~2.3.0"
    "parseurl" "~1.3.3"
    "statuses" "~1.5.0"
    "unpipe" "~1.0.0"

"forwarded@0.2.0":
  "integrity" "sha1-ImmTZCiq1MFcfr6XeahL8LKoGBE="
  "resolved" "https://registry.nlark.com/forwarded/download/forwarded-0.2.0.tgz?cache=0&sync_timestamp=1622503408398&other_urls=https%3A%2F%2Fregistry.nlark.com%2Fforwarded%2Fdownload%2Fforwarded-0.2.0.tgz"
  "version" "0.2.0"

"fresh@0.5.2":
  "integrity" "sha1-PYyt2Q2XZWn6g1qx+OSyOhBWBac="
  "resolved" "https://registry.npm.taobao.org/fresh/download/fresh-0.5.2.tgz"
  "version" "0.5.2"

"http-errors@~1.7.2", "http-errors@1.7.2":
  "integrity" "sha1-T1ApzxMjnzEDblsuVSkrz7zIXI8="
  "resolved" "https://registry.npm.taobao.org/http-errors/download/http-errors-1.7.2.tgz"
  "version" "1.7.2"
  dependencies:
    "depd" "~1.1.2"
    "inherits" "2.0.3"
    "setprototypeof" "1.1.1"
    "statuses" ">= 1.5.0 < 2"
    "toidentifier" "1.0.0"

"iconv-lite@0.4.24":
  "integrity" "sha1-ICK0sl+93CHS9SSXSkdKr+czkIs="
  "resolved" "https://registry.nlark.com/iconv-lite/download/iconv-lite-0.4.24.tgz"
  "version" "0.4.24"
  dependencies:
    "safer-buffer" ">= 2.1.2 < 3"

"inherits@~2.0.3", "inherits@2.0.3":
  "integrity" "sha1-Yzwsg+PaQqUC9SRmAiSA9CCCYd4="
  "resolved" "https://registry.npm.taobao.org/inherits/download/inherits-2.0.3.tgz"
  "version" "2.0.3"

"ipaddr.js@1.9.1":
  "integrity" "sha1-v/OFQ+64mEglB5/zoqjmy9RngbM="
  "resolved" "https://registry.nlark.com/ipaddr.js/download/ipaddr.js-1.9.1.tgz"
  "version" "1.9.1"

"isarray@~1.0.0":
  "integrity" "sha1-u5NdSFgsuhaMBoNJV6VKPgcSTxE="
  "resolved" "https://registry.npm.taobao.org/isarray/download/isarray-1.0.0.tgz"
  "version" "1.0.0"

"json@^11.0.0":
  "integrity" "sha1-LoRJMTTi9CwTEWWqIqEk3zizo+4= sha512-N/ITv3Yw9Za8cGxuQqSqrq6RHnlaHWZkAFavcfpH/R52522c26EbihMxnY7A1chxfXJ4d+cEFIsyTgfi9GihrA=="
  "resolved" "https://registry.nlark.com/json/download/json-11.0.0.tgz"
  "version" "11.0.0"

"kareem@2.3.2":
  "integrity" "sha1-eMRQiJSYW404oNwV4ajhEHjyypM="
  "resolved" "https://registry.npm.taobao.org/kareem/download/kareem-2.3.2.tgz?cache=0&sync_timestamp=1607442884462&other_urls=https%3A%2F%2Fregistry.npm.taobao.org%2Fkareem%2Fdownload%2Fkareem-2.3.2.tgz"
  "version" "2.3.2"

"media-typer@0.3.0":
  "integrity" "sha1-hxDXrwqmJvj/+hzgAWhUUmMlV0g="
  "resolved" "https://registry.npm.taobao.org/media-typer/download/media-typer-0.3.0.tgz"
  "version" "0.3.0"

"memory-pager@^1.0.2":
  "integrity" "sha1-2HUWVdItOEaCdByXLyw9bfo+ZrU="
  "resolved" "https://registry.npm.taobao.org/memory-pager/download/memory-pager-1.5.0.tgz"
  "version" "1.5.0"

"merge-descriptors@1.0.1":
  "integrity" "sha1-sAqqVW3YtEVoFQ7J0blT8/kMu2E="
  "resolved" "https://registry.npm.taobao.org/merge-descriptors/download/merge-descriptors-1.0.1.tgz"
  "version" "1.0.1"

"methods@~1.1.2":
  "integrity" "sha1-VSmk1nZUE07cxSZmVoNbD4Ua/O4="
  "resolved" "https://registry.npm.taobao.org/methods/download/methods-1.1.2.tgz"
  "version" "1.1.2"

"mime-db@1.49.0":
  "integrity" "sha1-89/eYMmenPO8lwHWh3ePU3ABy+0= sha512-CIc8j9URtOVApSFCQIF+VBkX1RwXp/oMMOrqdyXSBXq5RWNEsRfyj1kiRnQgmNXmHxPoFIxOroKA3zcU9P+nAA=="
  "resolved" "https://registry.nlark.com/mime-db/download/mime-db-1.49.0.tgz"
  "version" "1.49.0"

"mime-types@~2.1.24":
  "integrity" "sha1-HQDonn3n/gIAjbYQAdngKFJnD9U= sha512-hJGaVS4G4c9TSMYh2n6SQAGrC4RnfU+daP8G7cSCmaqNjiOoUY0VHCMS42pxnQmVF1GWwFhbHWn3RIxCqTmZ9A=="
  "resolved" "https://registry.nlark.com/mime-types/download/mime-types-2.1.32.tgz?cache=0&sync_timestamp=1627407652875&other_urls=https%3A%2F%2Fregistry.nlark.com%2Fmime-types%2Fdownload%2Fmime-types-2.1.32.tgz"
  "version" "2.1.32"
  dependencies:
    "mime-db" "1.49.0"

"mime@1.6.0":
  "integrity" "sha1-Ms2eXGRVO9WNGaVor0Uqz/BJgbE="
  "resolved" "https://registry.npm.taobao.org/mime/download/mime-1.6.0.tgz"
  "version" "1.6.0"

"mongodb@3.6.11":
  "integrity" "sha1-ilmgSRqSsAqMkl9y7Z2aWwVK67I="
  "resolved" "https://registry.nlark.com/mongodb/download/mongodb-3.6.11.tgz?cache=0&sync_timestamp=1628182078629&other_urls=https%3A%2F%2Fregistry.nlark.com%2Fmongodb%2Fdownload%2Fmongodb-3.6.11.tgz"
  "version" "3.6.11"
  dependencies:
    "bl" "^2.2.1"
    "bson" "^1.1.4"
    "denque" "^1.4.1"
    "optional-require" "^1.0.3"
    "safe-buffer" "^5.1.2"
  optionalDependencies:
    "saslprep" "^1.0.0"

"mongoose-legacy-pluralize@1.0.2":
  "integrity" "sha1-O6n5H6UHtRhtOZ+0CFS/8Y+1Y+Q="
  "resolved" "https://registry.npm.taobao.org/mongoose-legacy-pluralize/download/mongoose-legacy-pluralize-1.0.2.tgz"
  "version" "1.0.2"

"mongoose@*", "mongoose@^5.13.7":
  "integrity" "sha1-tpODkOk4B6by6pGgVK8vqmfxchg="
  "resolved" "https://registry.nlark.com/mongoose/download/mongoose-5.13.7.tgz"
  "version" "5.13.7"
  dependencies:
    "@types/mongodb" "^3.5.27"
    "bson" "^1.1.4"
    "kareem" "2.3.2"
    "mongodb" "3.6.11"
    "mongoose-legacy-pluralize" "1.0.2"
    "mpath" "0.8.3"
    "mquery" "3.2.5"
    "ms" "2.1.2"
    "optional-require" "1.0.x"
    "regexp-clone" "1.0.0"
    "safe-buffer" "5.2.1"
    "sift" "13.5.2"
    "sliced" "1.0.1"

"morgan@^1.10.0":
  "integrity" "sha1-CRd4q8H8R801CYJGU9rh+qtrF9c="
  "resolved" "https://registry.nlark.com/morgan/download/morgan-1.10.0.tgz"
  "version" "1.10.0"
  dependencies:
    "basic-auth" "~2.0.1"
    "debug" "2.6.9"
    "depd" "~2.0.0"
    "on-finished" "~2.3.0"
    "on-headers" "~1.0.2"

"mpath@0.8.3":
  "integrity" "sha1-gorA0Yf39CZ0g510khlwl5q73Y8="
  "resolved" "https://registry.npm.taobao.org/mpath/download/mpath-0.8.3.tgz"
  "version" "0.8.3"

"mquery@3.2.5":
  "integrity" "sha1-jyMFYy5LsZf2j2DAz/ohqvQGDFE="
  "resolved" "https://registry.nlark.com/mquery/download/mquery-3.2.5.tgz?cache=0&sync_timestamp=1629418699757&other_urls=https%3A%2F%2Fregistry.nlark.com%2Fmquery%2Fdownload%2Fmquery-3.2.5.tgz"
  "version" "3.2.5"
  dependencies:
    "bluebird" "3.5.1"
    "debug" "3.1.0"
    "regexp-clone" "^1.0.0"
    "safe-buffer" "5.1.2"
    "sliced" "1.0.1"

"ms@2.0.0":
  "integrity" "sha1-VgiurfwAvmwpAd9fmGF4jeDVl8g="
  "resolved" "https://registry.npm.taobao.org/ms/download/ms-2.0.0.tgz?cache=0&sync_timestamp=1607433842694&other_urls=https%3A%2F%2Fregistry.npm.taobao.org%2Fms%2Fdownload%2Fms-2.0.0.tgz"
  "version" "2.0.0"

"ms@2.1.1":
  "integrity" "sha1-MKWGTrPrsKZvLr5tcnrwagnYbgo="
  "resolved" "https://registry.npm.taobao.org/ms/download/ms-2.1.1.tgz?cache=0&sync_timestamp=1607433842694&other_urls=https%3A%2F%2Fregistry.npm.taobao.org%2Fms%2Fdownload%2Fms-2.1.1.tgz"
  "version" "2.1.1"

"ms@2.1.2":
  "integrity" "sha1-0J0fNXtEP0kzgqjrPM0YOHKuYAk="
  "resolved" "https://registry.nlark.com/ms/download/ms-2.1.2.tgz"
  "version" "2.1.2"

"negotiator@0.6.2":
  "integrity" "sha1-/qz3zPUlp3rpY0Q2pkiD/+yjRvs="
  "resolved" "https://registry.nlark.com/negotiator/download/negotiator-0.6.2.tgz"
  "version" "0.6.2"

"object-assign@^4":
  "integrity" "sha1-IQmtx5ZYh8/AXLvUQsrIv7s2CGM="
  "resolved" "https://registry.npm.taobao.org/object-assign/download/object-assign-4.1.1.tgz"
  "version" "4.1.1"

"on-finished@~2.3.0":
  "integrity" "sha1-IPEzZIGwg811M3mSoWlxqi2QaUc="
  "resolved" "https://registry.npm.taobao.org/on-finished/download/on-finished-2.3.0.tgz"
  "version" "2.3.0"
  dependencies:
    "ee-first" "1.1.1"

"on-headers@~1.0.2":
  "integrity" "sha1-dysK5qqlJcOZ5Imt+tkMQD6zwo8="
  "resolved" "https://registry.nlark.com/on-headers/download/on-headers-1.0.2.tgz"
  "version" "1.0.2"

"optional-require@^1.0.3", "optional-require@1.0.x":
  "integrity" "sha1-J1uOnfHcahetFVNpwkIqRA+Jywc="
  "resolved" "https://registry.nlark.com/optional-require/download/optional-require-1.0.3.tgz"
  "version" "1.0.3"

"parseurl@~1.3.3":
  "integrity" "sha1-naGee+6NEt/wUT7Vt2lXeTvC6NQ="
  "resolved" "https://registry.npm.taobao.org/parseurl/download/parseurl-1.3.3.tgz"
  "version" "1.3.3"

"path-to-regexp@0.1.7":
  "integrity" "sha1-32BBeABfUi8V60SQ5yR6G/qmf4w="
  "resolved" "https://registry.nlark.com/path-to-regexp/download/path-to-regexp-0.1.7.tgz?cache=0&sync_timestamp=1618846809278&other_urls=https%3A%2F%2Fregistry.nlark.com%2Fpath-to-regexp%2Fdownload%2Fpath-to-regexp-0.1.7.tgz"
  "version" "0.1.7"

"process-nextick-args@~2.0.0":
  "integrity" "sha1-eCDZsWEgzFXKmud5JoCufbptf+I="
  "resolved" "https://registry.npm.taobao.org/process-nextick-args/download/process-nextick-args-2.0.1.tgz"
  "version" "2.0.1"

"proxy-addr@~2.0.5":
  "integrity" "sha1-8Z/mnOqzEe65S0LnDowgcPm6ECU="
  "resolved" "https://registry.nlark.com/proxy-addr/download/proxy-addr-2.0.7.tgz"
  "version" "2.0.7"
  dependencies:
    "forwarded" "0.2.0"
    "ipaddr.js" "1.9.1"

"qs@6.7.0":
  "integrity" "sha1-QdwaAV49WB8WIXdr4xr7KHapsbw="
  "resolved" "https://registry.nlark.com/qs/download/qs-6.7.0.tgz"
  "version" "6.7.0"

"range-parser@~1.2.1":
  "integrity" "sha1-PPNwI9GZ4cJNGlW4SADC8+ZGgDE="
  "resolved" "https://registry.npm.taobao.org/range-parser/download/range-parser-1.2.1.tgz"
  "version" "1.2.1"

"raw-body@2.4.0":
  "integrity" "sha1-oc5vucm8NWylLoklarWQWeE9AzI="
  "resolved" "https://registry.nlark.com/raw-body/download/raw-body-2.4.0.tgz"
  "version" "2.4.0"
  dependencies:
    "bytes" "3.1.0"
    "http-errors" "1.7.2"
    "iconv-lite" "0.4.24"
    "unpipe" "1.0.0"

"readable-stream@^2.3.5":
  "integrity" "sha1-Hsoc9xGu+BTAT2IlKjamL2yyO1c="
  "resolved" "https://registry.nlark.com/readable-stream/download/readable-stream-2.3.7.tgz"
  "version" "2.3.7"
  dependencies:
    "core-util-is" "~1.0.0"
    "inherits" "~2.0.3"
    "isarray" "~1.0.0"
    "process-nextick-args" "~2.0.0"
    "safe-buffer" "~5.1.1"
    "string_decoder" "~1.1.1"
    "util-deprecate" "~1.0.1"

"regexp-clone@^1.0.0", "regexp-clone@1.0.0":
  "integrity" "sha1-Ii25Z2IydwViYLmSYmNUoEzpv2M="
  "resolved" "https://registry.npm.taobao.org/regexp-clone/download/regexp-clone-1.0.0.tgz"
  "version" "1.0.0"

"safe-buffer@^5.1.1", "safe-buffer@^5.1.2", "safe-buffer@~5.1.0", "safe-buffer@~5.1.1", "safe-buffer@5.1.2":
  "integrity" "sha1-mR7GnSluAxN0fVm9/St0XDX4go0="
  "resolved" "https://registry.npm.taobao.org/safe-buffer/download/safe-buffer-5.1.2.tgz"
  "version" "5.1.2"

"safe-buffer@5.2.1":
  "integrity" "sha1-Hq+fqb2x/dTsdfWPnNtOa3gn7sY="
  "resolved" "https://registry.nlark.com/safe-buffer/download/safe-buffer-5.2.1.tgz"
  "version" "5.2.1"

"safer-buffer@>= 2.1.2 < 3":
  "integrity" "sha1-RPoWGwGHuVSd2Eu5GAL5vYOFzWo="
  "resolved" "https://registry.npm.taobao.org/safer-buffer/download/safer-buffer-2.1.2.tgz"
  "version" "2.1.2"

"saslprep@^1.0.0":
  "integrity" "sha1-TAL5RrVs9UKX40e6EJPnrKxM8iY="
  "resolved" "https://registry.npm.taobao.org/saslprep/download/saslprep-1.0.3.tgz"
  "version" "1.0.3"
  dependencies:
    "sparse-bitfield" "^3.0.3"

"send@0.17.1":
  "integrity" "sha1-wdiwWfeQD3Rm3Uk4vcROEd2zdsg="
  "resolved" "https://registry.npm.taobao.org/send/download/send-0.17.1.tgz"
  "version" "0.17.1"
  dependencies:
    "debug" "2.6.9"
    "depd" "~1.1.2"
    "destroy" "~1.0.4"
    "encodeurl" "~1.0.2"
    "escape-html" "~1.0.3"
    "etag" "~1.8.1"
    "fresh" "0.5.2"
    "http-errors" "~1.7.2"
    "mime" "1.6.0"
    "ms" "2.1.1"
    "on-finished" "~2.3.0"
    "range-parser" "~1.2.1"
    "statuses" "~1.5.0"

"serve-static@1.14.1":
  "integrity" "sha1-Zm5jbcTwEPfvKZcKiKZ0MgiYsvk="
  "resolved" "https://registry.nlark.com/serve-static/download/serve-static-1.14.1.tgz"
  "version" "1.14.1"
  dependencies:
    "encodeurl" "~1.0.2"
    "escape-html" "~1.0.3"
    "parseurl" "~1.3.3"
    "send" "0.17.1"

"setprototypeof@1.1.1":
  "integrity" "sha1-fpWsskqpL1iF4KvvW6ExMw1K5oM="
  "resolved" "https://registry.npm.taobao.org/setprototypeof/download/setprototypeof-1.1.1.tgz"
  "version" "1.1.1"

"sift@13.5.2":
  "integrity" "sha1-JKcV4TxhewhhZs0EkX0gSlkcnaY="
  "resolved" "https://registry.nlark.com/sift/download/sift-13.5.2.tgz"
  "version" "13.5.2"

"sliced@1.0.1":
  "integrity" "sha1-CzpmK10Ewxd7GSa+qCsD+Dei70E="
  "resolved" "https://registry.npm.taobao.org/sliced/download/sliced-1.0.1.tgz"
  "version" "1.0.1"

"sparse-bitfield@^3.0.3":
  "integrity" "sha1-/0rm5oZWBWuks+eSqzM004JzyhE="
  "resolved" "https://registry.npm.taobao.org/sparse-bitfield/download/sparse-bitfield-3.0.3.tgz"
  "version" "3.0.3"
  dependencies:
    "memory-pager" "^1.0.2"

"statuses@>= 1.5.0 < 2", "statuses@~1.5.0":
  "integrity" "sha1-Fhx9rBd2Wf2YEfQ3cfqZOBR4Yow="
  "resolved" "https://registry.npm.taobao.org/statuses/download/statuses-1.5.0.tgz?cache=0&sync_timestamp=1609654014762&other_urls=https%3A%2F%2Fregistry.npm.taobao.org%2Fstatuses%2Fdownload%2Fstatuses-1.5.0.tgz"
  "version" "1.5.0"

"string_decoder@~1.1.1":
  "integrity" "sha1-nPFhG6YmhdcDCunkujQUnDrwP8g="
  "resolved" "https://registry.npm.taobao.org/string_decoder/download/string_decoder-1.1.1.tgz"
  "version" "1.1.1"
  dependencies:
    "safe-buffer" "~5.1.0"

"toidentifier@1.0.0":
  "integrity" "sha1-fhvjRw8ed5SLxD2Uo8j013UrpVM="
  "resolved" "https://registry.npm.taobao.org/toidentifier/download/toidentifier-1.0.0.tgz"
  "version" "1.0.0"

"type-is@~1.6.17", "type-is@~1.6.18":
  "integrity" "sha1-TlUs0F3wlGfcvE73Od6J8s83wTE="
  "resolved" "https://registry.nlark.com/type-is/download/type-is-1.6.18.tgz"
  "version" "1.6.18"
  dependencies:
    "media-typer" "0.3.0"
    "mime-types" "~2.1.24"

"unpipe@~1.0.0", "unpipe@1.0.0":
  "integrity" "sha1-sr9O6FFKrmFltIF4KdIbLvSZBOw="
  "resolved" "https://registry.npm.taobao.org/unpipe/download/unpipe-1.0.0.tgz"
  "version" "1.0.0"

"util-deprecate@~1.0.1":
  "integrity" "sha1-RQ1Nyfpw3nMnYvvS1KKJgUGaDM8="
  "resolved" "https://registry.nlark.com/util-deprecate/download/util-deprecate-1.0.2.tgz"
  "version" "1.0.2"

"utils-merge@1.0.1":
  "integrity" "sha1-n5VxD1CiZ5R7LMwSR0HBAoQn5xM="
  "resolved" "https://registry.npm.taobao.org/utils-merge/download/utils-merge-1.0.1.tgz"
  "version" "1.0.1"

"vary@^1", "vary@~1.1.2":
  "integrity" "sha1-IpnwLG3tMNSllhsLn3RSShj2NPw="
  "resolved" "https://registry.nlark.com/vary/download/vary-1.1.2.tgz"
  "version" "1.1.2"
